
Microsoft Visual Studio Solution File, Format Version 12.00
# Visual Studio Version 17
VisualStudioVersion = 17.14.36518.9 d17.14
MinimumVisualStudioVersion = 10.0.40219.1
Project("{FAE04EC0-301F-11D3-BF4B-00C04F79EFBC}") = "TaskGrid App", "TaskGrid App\TaskGrid App.csproj", "{ACB6043B-42D6-451D-8324-D19EDBB27AB4}"
EndProject
Global
	GlobalSection(SolutionConfigurationPlatforms) = preSolution
		Debug|Any CPU = Debug|Any CPU
		Release|Any CPU = Release|Any CPU
	EndGlobalSection
	GlobalSection(ProjectConfigurationPlatforms) = postSolution
		{ACB6043B-42D6-451D-8324-D19EDBB27AB4}.Debug|Any CPU.ActiveCfg = Debug|Any CPU
		{ACB6043B-42D6-451D-8324-D19EDBB27AB4}.Debug|Any CPU.Build.0 = Debug|Any CPU
		{ACB6043B-42D6-451D-8324-D19EDBB27AB4}.Release|Any CPU.ActiveCfg = Release|Any CPU
		{ACB6043B-42D6-451D-8324-D19EDBB27AB4}.Release|Any CPU.Build.0 = Release|Any CPU
	EndGlobalSection
	GlobalSection(SolutionProperties) = preSolution
		HideSolutionNode = FALSE
	EndGlobalSection
	GlobalSection(ExtensibilityGlobals) = postSolution
		SolutionGuid = {E5E171A2-FA49-457D-8477-1EBBE14FFA7B}
	EndGlobalSection
EndGlobal
